
Microsoft Visual Studio Solution File, Format Version 12.00
# Visual Studio Version 16
VisualStudioVersion = 16.0.31005.135
MinimumVisualStudioVersion = 10.0.40219.1
Project("{FAE04EC0-301F-11D3-BF4B-00C04F79EFBC}") = "TICTACTOE", "TICTACTOE\TICTACTOE.csproj", "{1FBA620C-4BFD-4EAF-B16E-76CC2FF6C275}"
EndProject
Global
	GlobalSection(SolutionConfigurationPlatforms) = preSolution
		Debug|Any CPU = Debug|Any CPU
		Release|Any CPU = Release|Any CPU
	EndGlobalSection
	GlobalSection(ProjectConfigurationPlatforms) = postSolution
		{1FBA620C-4BFD-4EAF-B16E-76CC2FF6C275}.Debug|Any CPU.ActiveCfg = Debug|Any CPU
		{1FBA620C-4BFD-4EAF-B16E-76CC2FF6C275}.Debug|Any CPU.Build.0 = Debug|Any CPU
		{1FBA620C-4BFD-4EAF-B16E-76CC2FF6C275}.Release|Any CPU.ActiveCfg = Release|Any CPU
		{1FBA620C-4BFD-4EAF-B16E-76CC2FF6C275}.Release|Any CPU.Build.0 = Release|Any CPU
	EndGlobalSection
	GlobalSection(SolutionProperties) = preSolution
		HideSolutionNode = FALSE
	EndGlobalSection
	GlobalSection(ExtensibilityGlobals) = postSolution
		SolutionGuid = {ABAA2765-F03D-4994-81D2-D41A4526CB9C}
	EndGlobalSection
EndGlobal
